
Microsoft Visual Studio Solution File, Format Version 12.00
# Visual Studio Version 17
VisualStudioVersion = 17.14.37012.4
MinimumVisualStudioVersion = 10.0.40219.1
Project("{8BC9CEB8-8B4A-11D0-8D11-00A0C91BC942}") = "TeamSpeakHasher", "TeamSpeakHasher.vcxproj", "{F899DD8C-DF73-4A99-9CF1-C7A5A281890D}"
EndProject
Global
	GlobalSection(SolutionConfigurationPlatforms) = preSolution
		Debug|x64 = Debug|x64
		Debug|x86 = Debug|x86
		Release|x64 = Release|x64
		Release|x86 = Release|x86
	EndGlobalSection
	GlobalSection(ProjectConfigurationPlatforms) = postSolution
		{F899DD8C-DF73-4A99-9CF1-C7A5A281890D}.Debug|x64.ActiveCfg = Debug|x64
		{F899DD8C-DF73-4A99-9CF1-C7A5A281890D}.Debug|x64.Build.0 = Debug|x64
		{F899DD8C-DF73-4A99-9CF1-C7A5A281890D}.Debug|x86.ActiveCfg = Debug|Win32
		{F899DD8C-DF73-4A99-9CF1-C7A5A281890D}.Debug|x86.Build.0 = Debug|Win32
		{F899DD8C-DF73-4A99-9CF1-C7A5A281890D}.Release|x64.ActiveCfg = Release|x64
		{F899DD8C-DF73-4A99-9CF1-C7A5A281890D}.Release|x64.Build.0 = Release|x64
		{F899DD8C-DF73-4A99-9CF1-C7A5A281890D}.Release|x86.ActiveCfg = Release|Win32
		{F899DD8C-DF73-4A99-9CF1-C7A5A281890D}.Release|x86.Build.0 = Release|Win32
	EndGlobalSection
	GlobalSection(SolutionProperties) = preSolution
		HideSolutionNode = FALSE
	EndGlobalSection
	GlobalSection(ExtensibilityGlobals) = postSolution
		SolutionGuid = {D5580CF9-F53A-44C1-A5BE-708A60742126}
	EndGlobalSection
EndGlobal
